
Microsoft Visual Studio Solution File, Format Version 12.00
# Visual Studio Version 17
VisualStudioVersion = 17.12.35506.116 d17.12
MinimumVisualStudioVersion = 10.0.40219.1
Project("{FAE04EC0-301F-11D3-BF4B-00C04F79EFBC}") = "MyConfigClient", "MyConfigClient.csproj", "{FAFCC701-BDDA-4576-8B57-3D3C0135DF4A}"
EndProject
Global
	GlobalSection(SolutionConfigurationPlatforms) = preSolution
		Debug|Any CPU = Debug|Any CPU
		Release|Any CPU = Release|Any CPU
	EndGlobalSection
	GlobalSection(ProjectConfigurationPlatforms) = postSolution
		{FAFCC701-BDDA-4576-8B57-3D3C0135DF4A}.Debug|Any CPU.ActiveCfg = Debug|Any CPU
		{FAFCC701-BDDA-4576-8B57-3D3C0135DF4A}.Debug|Any CPU.Build.0 = Debug|Any CPU
		{FAFCC701-BDDA-4576-8B57-3D3C0135DF4A}.Release|Any CPU.ActiveCfg = Release|Any CPU
		{FAFCC701-BDDA-4576-8B57-3D3C0135DF4A}.Release|Any CPU.Build.0 = Release|Any CPU
	EndGlobalSection
	GlobalSection(SolutionProperties) = preSolution
		HideSolutionNode = FALSE
	EndGlobalSection
EndGlobal
